
Microsoft Visual Studio Solution File, Format Version 12.00
# Visual Studio Version 16
VisualStudioVersion = 16.0.30225.117
MinimumVisualStudioVersion = 10.0.40219.1
Project("{E24C65DC-7377-472B-9ABA-BC803B73C61A}") = "BilgeNesilKolejiWebSite", "BilgeNesilKolejiWebSite", "{5431BDC5-1F36-4590-84AE-ADE6FBCE43E6}"
	ProjectSection(WebsiteProperties) = preProject
		SccProjectName = "SAK"
		SccAuxPath = "SAK"
		SccLocalPath = "SAK"
		SccProvider = "SAK"
		TargetFrameworkMoniker = ".NETFramework,Version%3Dv4.5"
		Debug.AspNetCompiler.VirtualPath = "/localhost_61968"
		Debug.AspNetCompiler.PhysicalPath = "BilgeNesilKolejiWebSite\"
		Debug.AspNetCompiler.TargetPath = "PrecompiledWeb\localhost_61968\"
		Debug.AspNetCompiler.Updateable = "true"
		Debug.AspNetCompiler.ForceOverwrite = "true"
		Debug.AspNetCompiler.FixedNames = "false"
		Debug.AspNetCompiler.Debug = "True"
		Release.AspNetCompiler.VirtualPath = "/localhost_61968"
		Release.AspNetCompiler.PhysicalPath = "BilgeNesilKolejiWebSite\"
		Release.AspNetCompiler.TargetPath = "PrecompiledWeb\localhost_61968\"
		Release.AspNetCompiler.Updateable = "true"
		Release.AspNetCompiler.ForceOverwrite = "true"
		Release.AspNetCompiler.FixedNames = "false"
		Release.AspNetCompiler.Debug = "False"
		VWDPort = "61968"
		SlnRelativePath = "BilgeNesilKolejiWebSite\"
	EndProjectSection
EndProject
Global
	GlobalSection(SolutionConfigurationPlatforms) = preSolution
		Debug|Any CPU = Debug|Any CPU
	EndGlobalSection
	GlobalSection(ProjectConfigurationPlatforms) = postSolution
		{5431BDC5-1F36-4590-84AE-ADE6FBCE43E6}.Debug|Any CPU.ActiveCfg = Debug|Any CPU
		{5431BDC5-1F36-4590-84AE-ADE6FBCE43E6}.Debug|Any CPU.Build.0 = Debug|Any CPU
	EndGlobalSection
	GlobalSection(SolutionProperties) = preSolution
		HideSolutionNode = FALSE
	EndGlobalSection
	GlobalSection(ExtensibilityGlobals) = postSolution
		SolutionGuid = {D1C2AE67-4847-4386-8E94-AC3638895E5F}
	EndGlobalSection
	GlobalSection(TeamFoundationVersionControl) = preSolution
		SccNumberOfProjects = 2
		SccEnterpriseProvider = {4CA58AB2-18FA-4F8D-95D4-32DDF27D184C}
		SccTeamFoundationServer = http://185.131.49.116:8081/tfs/customerproject
		SccLocalPath0 = .
		SccWebProject1 = true
		SccProjectUniqueName1 = BilgeNesilKolejiWebSite
		SccProjectName1 = BilgeNesilKolejiWebSite
		SccLocalPath1 = BilgeNesilKolejiWebSite
		SccProjectEnlistmentChoice1 = 2
	EndGlobalSection
EndGlobal
